// !$*UTF8*$!
{
	archiveVersion = 1;
	classes = {
	};
	objectVersion = 56;
	objects = {

/* Begin PBXBuildFile section */
		4443FFCC2AC5851B0079510A /* AppDelegate.swift in Sources */ = {isa = PBXBuildFile; fileRef = 4443FFCB2AC5851B0079510A /* AppDelegate.swift */; };
		4443FFCE2AC5851B0079510A /* SceneDelegate.swift in Sources */ = {isa = PBXBuildFile; fileRef = 4443FFCD2AC5851B0079510A /* SceneDelegate.swift */; };
		4443FFD02AC5851B0079510A /* MainWeatherScreen.swift in Sources */ = {isa = PBXBuildFile; fileRef = 4443FFCF2AC5851B0079510A /* MainWeatherScreen.swift */; };
		4443FFD52AC5851C0079510A /* Assets.xcassets in Resources */ = {isa = PBXBuildFile; fileRef = 4443FFD42AC5851C0079510A /* Assets.xcassets */; };
		4443FFD82AC5851C0079510A /* LaunchScreen.storyboard in Resources */ = {isa = PBXBuildFile; fileRef = 4443FFD62AC5851C0079510A /* LaunchScreen.storyboard */; };
		444CEA572AE051D900FBB273 /* FlowController.swift in Sources */ = {isa = PBXBuildFile; fileRef = 444CEA562AE051D900FBB273 /* FlowController.swift */; };
		4488AE112ADFDA9200912F66 /* SnapKit in Frameworks */ = {isa = PBXBuildFile; productRef = 4488AE102ADFDA9200912F66 /* SnapKit */; };
		4488AE1B2ADFDC2C00912F66 /* WeatherModel.swift in Sources */ = {isa = PBXBuildFile; fileRef = 4488AE1A2ADFDC2C00912F66 /* WeatherModel.swift */; };
		4488AE1D2ADFDC8900912F66 /* WeatherViewModel.swift in Sources */ = {isa = PBXBuildFile; fileRef = 4488AE1C2ADFDC8900912F66 /* WeatherViewModel.swift */; };
		4488AE202ADFDD2900912F66 /* citylist.json in Resources */ = {isa = PBXBuildFile; fileRef = 4488AE1F2ADFDD2900912F66 /* citylist.json */; };
		4488AE232ADFDE6400912F66 /* DataBase.swift in Sources */ = {isa = PBXBuildFile; fileRef = 4488AE222ADFDE6400912F66 /* DataBase.swift */; };
		4488AE252ADFE0FA00912F66 /* SnapKit in Frameworks */ = {isa = PBXBuildFile; productRef = 4488AE242ADFE0FA00912F66 /* SnapKit */; };
		4488AE282ADFE22100912F66 /* NetworkManager.swift in Sources */ = {isa = PBXBuildFile; fileRef = 4488AE272ADFE22100912F66 /* NetworkManager.swift */; };
		4488AE2B2ADFE48000912F66 /* NetworkDecodableModel.swift in Sources */ = {isa = PBXBuildFile; fileRef = 4488AE2A2ADFE48000912F66 /* NetworkDecodableModel.swift */; };
		4488AE2F2AE0167C00912F66 /* WeatherTableViewCell.swift in Sources */ = {isa = PBXBuildFile; fileRef = 4488AE2E2AE0167C00912F66 /* WeatherTableViewCell.swift */; };
		44E553E02AE7EC73007741C1 /* FlowCoordinator.swift in Sources */ = {isa = PBXBuildFile; fileRef = 44E553DF2AE7EC73007741C1 /* FlowCoordinator.swift */; };
		44E553E32AE7F164007741C1 /* CityTableViewController.swift in Sources */ = {isa = PBXBuildFile; fileRef = 44E553E22AE7F164007741C1 /* CityTableViewController.swift */; };
		44E553E72AE7F2AE007741C1 /* CityViewModel.swift in Sources */ = {isa = PBXBuildFile; fileRef = 44E553E62AE7F2AE007741C1 /* CityViewModel.swift */; };
/* End PBXBuildFile section */

/* Begin PBXFileReference section */
		4443FFC82AC5851B0079510A /* astWeatherApp.app */ = {isa = PBXFileReference; explicitFileType = wrapper.application; includeInIndex = 0; path = astWeatherApp.app; sourceTree = BUILT_PRODUCTS_DIR; };
		4443FFCB2AC5851B0079510A /* AppDelegate.swift */ = {isa = PBXFileReference; lastKnownFileType = sourcecode.swift; path = AppDelegate.swift; sourceTree = "<group>"; };
		4443FFCD2AC5851B0079510A /* SceneDelegate.swift */ = {isa = PBXFileReference; lastKnownFileType = sourcecode.swift; path = SceneDelegate.swift; sourceTree = "<group>"; };
		4443FFCF2AC5851B0079510A /* MainWeatherScreen.swift */ = {isa = PBXFileReference; lastKnownFileType = sourcecode.swift; path = MainWeatherScreen.swift; sourceTree = "<group>"; };
		4443FFD42AC5851C0079510A /* Assets.xcassets */ = {isa = PBXFileReference; lastKnownFileType = folder.assetcatalog; path = Assets.xcassets; sourceTree = "<group>"; };
		4443FFD72AC5851C0079510A /* Base */ = {isa = PBXFileReference; lastKnownFileType = file.storyboard; name = Base; path = Base.lproj/LaunchScreen.storyboard; sourceTree = "<group>"; };
		4443FFD92AC5851C0079510A /* Info.plist */ = {isa = PBXFileReference; lastKnownFileType = text.plist.xml; path = Info.plist; sourceTree = "<group>"; };
		444CEA562AE051D900FBB273 /* FlowController.swift */ = {isa = PBXFileReference; lastKnownFileType = sourcecode.swift; path = FlowController.swift; sourceTree = "<group>"; };
		4488AE1A2ADFDC2C00912F66 /* WeatherModel.swift */ = {isa = PBXFileReference; lastKnownFileType = sourcecode.swift; path = WeatherModel.swift; sourceTree = "<group>"; };
		4488AE1C2ADFDC8900912F66 /* WeatherViewModel.swift */ = {isa = PBXFileReference; lastKnownFileType = sourcecode.swift; path = WeatherViewModel.swift; sourceTree = "<group>"; };
		4488AE1F2ADFDD2900912F66 /* citylist.json */ = {isa = PBXFileReference; fileEncoding = 4; lastKnownFileType = text.json; path = citylist.json; sourceTree = "<group>"; };
		4488AE222ADFDE6400912F66 /* DataBase.swift */ = {isa = PBXFileReference; lastKnownFileType = sourcecode.swift; path = DataBase.swift; sourceTree = "<group>"; };
		4488AE272ADFE22100912F66 /* NetworkManager.swift */ = {isa = PBXFileReference; lastKnownFileType = sourcecode.swift; path = NetworkManager.swift; sourceTree = "<group>"; };
		4488AE2A2ADFE48000912F66 /* NetworkDecodableModel.swift */ = {isa = PBXFileReference; lastKnownFileType = sourcecode.swift; path = NetworkDecodableModel.swift; sourceTree = "<group>"; };
		4488AE2E2AE0167C00912F66 /* WeatherTableViewCell.swift */ = {isa = PBXFileReference; lastKnownFileType = sourcecode.swift; path = WeatherTableViewCell.swift; sourceTree = "<group>"; };
		44E553DF2AE7EC73007741C1 /* FlowCoordinator.swift */ = {isa = PBXFileReference; lastKnownFileType = sourcecode.swift; path = FlowCoordinator.swift; sourceTree = "<group>"; };
		44E553E22AE7F164007741C1 /* CityTableViewController.swift */ = {isa = PBXFileReference; lastKnownFileType = sourcecode.swift; path = CityTableViewController.swift; sourceTree = "<group>"; };
		44E553E62AE7F2AE007741C1 /* CityViewModel.swift */ = {isa = PBXFileReference; lastKnownFileType = sourcecode.swift; path = CityViewModel.swift; sourceTree = "<group>"; };
/* End PBXFileReference section */

/* Begin PBXFrameworksBuildPhase section */
		4443FFC52AC5851B0079510A /* Frameworks */ = {
			isa = PBXFrameworksBuildPhase;
			buildActionMask = 2147483647;
			files = (
				4488AE252ADFE0FA00912F66 /* SnapKit in Frameworks */,
				4488AE112ADFDA9200912F66 /* SnapKit in Frameworks */,
			);
			runOnlyForDeploymentPostprocessing = 0;
		};
/* End PBXFrameworksBuildPhase section */

/* Begin PBXGroup section */
		4443FFBF2AC5851B0079510A = {
			isa = PBXGroup;
			children = (
				4443FFCA2AC5851B0079510A /* astWeatherApp */,
				4443FFC92AC5851B0079510A /* Products */,
			);
			sourceTree = "<group>";
		};
		4443FFC92AC5851B0079510A /* Products */ = {
			isa = PBXGroup;
			children = (
				4443FFC82AC5851B0079510A /* astWeatherApp.app */,
			);
			name = Products;
			sourceTree = "<group>";
		};
		4443FFCA2AC5851B0079510A /* astWeatherApp */ = {
			isa = PBXGroup;
			children = (
				44E553E12AE7F0F2007741C1 /* CityTable Screen */,
				444CEA552AE051CC00FBB273 /* FlowController */,
				4488AE1E2ADFDD0600912F66 /* App Files */,
				4488AE0E2ADFD9E600912F66 /* Services */,
				4488AE0D2ADFD9CA00912F66 /* Weather Screen */,
				4443FFCB2AC5851B0079510A /* AppDelegate.swift */,
				4443FFCD2AC5851B0079510A /* SceneDelegate.swift */,
				4443FFD42AC5851C0079510A /* Assets.xcassets */,
				4443FFD62AC5851C0079510A /* LaunchScreen.storyboard */,
				4443FFD92AC5851C0079510A /* Info.plist */,
			);
			path = astWeatherApp;
			sourceTree = "<group>";
		};
		444CEA552AE051CC00FBB273 /* FlowController */ = {
			isa = PBXGroup;
			children = (
				444CEA562AE051D900FBB273 /* FlowController.swift */,
				44E553DF2AE7EC73007741C1 /* FlowCoordinator.swift */,
			);
			path = FlowController;
			sourceTree = "<group>";
		};
		4488AE0D2ADFD9CA00912F66 /* Weather Screen */ = {
			isa = PBXGroup;
			children = (
				4488AE192ADFDC0200912F66 /* Model */,
				4488AE182ADFDBFB00912F66 /* ViewModel */,
				4488AE172ADFDBF500912F66 /* View */,
			);
			path = "Weather Screen";
			sourceTree = "<group>";
		};
		4488AE0E2ADFD9E600912F66 /* Services */ = {
			isa = PBXGroup;
			children = (
				4488AE262ADFE21300912F66 /* Network */,
				4488AE212ADFDE5600912F66 /* Database */,
			);
			path = Services;
			sourceTree = "<group>";
		};
		4488AE172ADFDBF500912F66 /* View */ = {
			isa = PBXGroup;
			children = (
				4488AE2C2AE0157300912F66 /* TableView */,
				4443FFCF2AC5851B0079510A /* MainWeatherScreen.swift */,
			);
			path = View;
			sourceTree = "<group>";
		};
		4488AE182ADFDBFB00912F66 /* ViewModel */ = {
			isa = PBXGroup;
			children = (
				4488AE1C2ADFDC8900912F66 /* WeatherViewModel.swift */,
			);
			path = ViewModel;
			sourceTree = "<group>";
		};
		4488AE192ADFDC0200912F66 /* Model */ = {
			isa = PBXGroup;
			children = (
				4488AE1A2ADFDC2C00912F66 /* WeatherModel.swift */,
			);
			path = Model;
			sourceTree = "<group>";
		};
		4488AE1E2ADFDD0600912F66 /* App Files */ = {
			isa = PBXGroup;
			children = (
				4488AE1F2ADFDD2900912F66 /* citylist.json */,
			);
			path = "App Files";
			sourceTree = "<group>";
		};
		4488AE212ADFDE5600912F66 /* Database */ = {
			isa = PBXGroup;
			children = (
				4488AE222ADFDE6400912F66 /* DataBase.swift */,
			);
			path = Database;
			sourceTree = "<group>";
		};
		4488AE262ADFE21300912F66 /* Network */ = {
			isa = PBXGroup;
			children = (
				4488AE292ADFE46E00912F66 /* NetworkDecodableModel */,
				4488AE272ADFE22100912F66 /* NetworkManager.swift */,
			);
			path = Network;
			sourceTree = "<group>";
		};
		4488AE292ADFE46E00912F66 /* NetworkDecodableModel */ = {
			isa = PBXGroup;
			children = (
				4488AE2A2ADFE48000912F66 /* NetworkDecodableModel.swift */,
			);
			path = NetworkDecodableModel;
			sourceTree = "<group>";
		};
		4488AE2C2AE0157300912F66 /* TableView */ = {
			isa = PBXGroup;
			children = (
				4488AE2D2AE0160A00912F66 /* WeatherTableCell */,
			);
			path = TableView;
			sourceTree = "<group>";
		};
		4488AE2D2AE0160A00912F66 /* WeatherTableCell */ = {
			isa = PBXGroup;
			children = (
				4488AE2E2AE0167C00912F66 /* WeatherTableViewCell.swift */,
			);
			path = WeatherTableCell;
			sourceTree = "<group>";
		};
		44E553E12AE7F0F2007741C1 /* CityTable Screen */ = {
			isa = PBXGroup;
			children = (
				44E553E52AE7F28D007741C1 /* viewmodel */,
				44E553E42AE7F287007741C1 /* view */,
			);
			path = "CityTable Screen";
			sourceTree = "<group>";
		};
		44E553E42AE7F287007741C1 /* view */ = {
			isa = PBXGroup;
			children = (
				44E553E22AE7F164007741C1 /* CityTableViewController.swift */,
			);
			path = view;
			sourceTree = "<group>";
		};
		44E553E52AE7F28D007741C1 /* viewmodel */ = {
			isa = PBXGroup;
			children = (
				44E553E62AE7F2AE007741C1 /* CityViewModel.swift */,
			);
			path = viewmodel;
			sourceTree = "<group>";
		};
/* End PBXGroup section */

/* Begin PBXNativeTarget section */
		4443FFC72AC5851B0079510A /* astWeatherApp */ = {
			isa = PBXNativeTarget;
			buildConfigurationList = 4443FFDC2AC5851C0079510A /* Build configuration list for PBXNativeTarget "astWeatherApp" */;
			buildPhases = (
				4443FFC42AC5851B0079510A /* Sources */,
				4443FFC52AC5851B0079510A /* Frameworks */,
				4443FFC62AC5851B0079510A /* Resources */,
			);
			buildRules = (
			);
			dependencies = (
			);
			name = astWeatherApp;
			packageProductDependencies = (
				4488AE102ADFDA9200912F66 /* SnapKit */,
				4488AE242ADFE0FA00912F66 /* SnapKit */,
			);
			productName = astWeatherApp;
			productReference = 4443FFC82AC5851B0079510A /* astWeatherApp.app */;
			productType = "com.apple.product-type.application";
		};
/* End PBXNativeTarget section */

/* Begin PBXProject section */
		4443FFC02AC5851B0079510A /* Project object */ = {
			isa = PBXProject;
			attributes = {
				BuildIndependentTargetsInParallel = 1;
				LastSwiftUpdateCheck = 1430;
				LastUpgradeCheck = 1430;
				TargetAttributes = {
					4443FFC72AC5851B0079510A = {
						CreatedOnToolsVersion = 14.3.1;
					};
				};
			};
			buildConfigurationList = 4443FFC32AC5851B0079510A /* Build configuration list for PBXProject "astWeatherApp" */;
			compatibilityVersion = "Xcode 14.0";
			developmentRegion = en;
			hasScannedForEncodings = 0;
			knownRegions = (
				en,
				Base,
			);
			mainGroup = 4443FFBF2AC5851B0079510A;
			packageReferences = (
				4488AE0F2ADFDA9200912F66 /* XCRemoteSwiftPackageReference "SnapKit" */,
			);
			productRefGroup = 4443FFC92AC5851B0079510A /* Products */;
			projectDirPath = "";
			projectRoot = "";
			targets = (
				4443FFC72AC5851B0079510A /* astWeatherApp */,
			);
		};
/* End PBXProject section */

/* Begin PBXResourcesBuildPhase section */
		4443FFC62AC5851B0079510A /* Resources */ = {
			isa = PBXResourcesBuildPhase;
			buildActionMask = 2147483647;
			files = (
				4443FFD82AC5851C0079510A /* LaunchScreen.storyboard in Resources */,
				4443FFD52AC5851C0079510A /* Assets.xcassets in Resources */,
				4488AE202ADFDD2900912F66 /* citylist.json in Resources */,
			);
			runOnlyForDeploymentPostprocessing = 0;
		};
/* End PBXResourcesBuildPhase section */

/* Begin PBXSourcesBuildPhase section */
		4443FFC42AC5851B0079510A /* Sources */ = {
			isa = PBXSourcesBuildPhase;
			buildActionMask = 2147483647;
			files = (
				44E553E32AE7F164007741C1 /* CityTableViewController.swift in Sources */,
				4488AE2B2ADFE48000912F66 /* NetworkDecodableModel.swift in Sources */,
				44E553E02AE7EC73007741C1 /* FlowCoordinator.swift in Sources */,
				4443FFD02AC5851B0079510A /* MainWeatherScreen.swift in Sources */,
				4488AE1D2ADFDC8900912F66 /* WeatherViewModel.swift in Sources */,
				444CEA572AE051D900FBB273 /* FlowController.swift in Sources */,
				4443FFCC2AC5851B0079510A /* AppDelegate.swift in Sources */,
				4488AE282ADFE22100912F66 /* NetworkManager.swift in Sources */,
				4488AE232ADFDE6400912F66 /* DataBase.swift in Sources */,
				4488AE2F2AE0167C00912F66 /* WeatherTableViewCell.swift in Sources */,
				44E553E72AE7F2AE007741C1 /* CityViewModel.swift in Sources */,
				4443FFCE2AC5851B0079510A /* SceneDelegate.swift in Sources */,
				4488AE1B2ADFDC2C00912F66 /* WeatherModel.swift in Sources */,
			);
			runOnlyForDeploymentPostprocessing = 0;
		};
/* End PBXSourcesBuildPhase section */

/* Begin PBXVariantGroup section */
		4443FFD62AC5851C0079510A /* LaunchScreen.storyboard */ = {
			isa = PBXVariantGroup;
			children = (
				4443FFD72AC5851C0079510A /* Base */,
			);
			name = LaunchScreen.storyboard;
			sourceTree = "<group>";
		};
/* End PBXVariantGroup section */

/* Begin XCBuildConfiguration section */
		4443FFDA2AC5851C0079510A /* Debug */ = {
			isa = XCBuildConfiguration;
			buildSettings = {
				ALWAYS_SEARCH_USER_PATHS = NO;
				CLANG_ANALYZER_NONNULL = YES;
				CLANG_ANALYZER_NUMBER_OBJECT_CONVERSION = YES_AGGRESSIVE;
				CLANG_CXX_LANGUAGE_STANDARD = "gnu++20";
				CLANG_ENABLE_MODULES = YES;
				CLANG_ENABLE_OBJC_ARC = YES;
				CLANG_ENABLE_OBJC_WEAK = YES;
				CLANG_WARN_BLOCK_CAPTURE_AUTORELEASING = YES;
				CLANG_WARN_BOOL_CONVERSION = YES;
				CLANG_WARN_COMMA = YES;
				CLANG_WARN_CONSTANT_CONVERSION = YES;
				CLANG_WARN_DEPRECATED_OBJC_IMPLEMENTATIONS = YES;
				CLANG_WARN_DIRECT_OBJC_ISA_USAGE = YES_ERROR;
				CLANG_WARN_DOCUMENTATION_COMMENTS = YES;
				CLANG_WARN_EMPTY_BODY = YES;
				CLANG_WARN_ENUM_CONVERSION = YES;
				CLANG_WARN_INFINITE_RECURSION = YES;
				CLANG_WARN_INT_CONVERSION = YES;
				CLANG_WARN_NON_LITERAL_NULL_CONVERSION = YES;
				CLANG_WARN_OBJC_IMPLICIT_RETAIN_SELF = YES;
				CLANG_WARN_OBJC_LITERAL_CONVERSION = YES;
				CLANG_WARN_OBJC_ROOT_CLASS = YES_ERROR;
				CLANG_WARN_QUOTED_INCLUDE_IN_FRAMEWORK_HEADER = YES;
				CLANG_WARN_RANGE_LOOP_ANALYSIS = YES;
				CLANG_WARN_STRICT_PROTOTYPES = YES;
				CLANG_WARN_SUSPICIOUS_MOVE = YES;
				CLANG_WARN_UNGUARDED_AVAILABILITY = YES_AGGRESSIVE;
				CLANG_WARN_UNREACHABLE_CODE = YES;
				CLANG_WARN__DUPLICATE_METHOD_MATCH = YES;
				COPY_PHASE_STRIP = NO;
				DEBUG_INFORMATION_FORMAT = dwarf;
				ENABLE_STRICT_OBJC_MSGSEND = YES;
				ENABLE_TESTABILITY = YES;
				GCC_C_LANGUAGE_STANDARD = gnu11;
				GCC_DYNAMIC_NO_PIC = NO;
				GCC_NO_COMMON_BLOCKS = YES;
				GCC_OPTIMIZATION_LEVEL = 0;
				GCC_PREPROCESSOR_DEFINITIONS = (
					"DEBUG=1",
					"$(inherited)",
				);
				GCC_WARN_64_TO_32_BIT_CONVERSION = YES;
				GCC_WARN_ABOUT_RETURN_TYPE = YES_ERROR;
				GCC_WARN_UNDECLARED_SELECTOR = YES;
				GCC_WARN_UNINITIALIZED_AUTOS = YES_AGGRESSIVE;
				GCC_WARN_UNUSED_FUNCTION = YES;
				GCC_WARN_UNUSED_VARIABLE = YES;
				IPHONEOS_DEPLOYMENT_TARGET = 15.1;
				MTL_ENABLE_DEBUG_INFO = INCLUDE_SOURCE;
				MTL_FAST_MATH = YES;
				ONLY_ACTIVE_ARCH = YES;
				SDKROOT = iphoneos;
				SWIFT_ACTIVE_COMPILATION_CONDITIONS = DEBUG;
				SWIFT_OPTIMIZATION_LEVEL = "-Onone";
			};
			name = Debug;
		};
		4443FFDB2AC5851C0079510A /* Release */ = {
			isa = XCBuildConfiguration;
			buildSettings = {
				ALWAYS_SEARCH_USER_PATHS = NO;
				CLANG_ANALYZER_NONNULL = YES;
				CLANG_ANALYZER_NUMBER_OBJECT_CONVERSION = YES_AGGRESSIVE;
				CLANG_CXX_LANGUAGE_STANDARD = "gnu++20";
				CLANG_ENABLE_MODULES = YES;
				CLANG_ENABLE_OBJC_ARC = YES;
				CLANG_ENABLE_OBJC_WEAK = YES;
				CLANG_WARN_BLOCK_CAPTURE_AUTORELEASING = YES;
				CLANG_WARN_BOOL_CONVERSION = YES;
				CLANG_WARN_COMMA = YES;
				CLANG_WARN_CONSTANT_CONVERSION = YES;
				CLANG_WARN_DEPRECATED_OBJC_IMPLEMENTATIONS = YES;
				CLANG_WARN_DIRECT_OBJC_ISA_USAGE = YES_ERROR;
				CLANG_WARN_DOCUMENTATION_COMMENTS = YES;
				CLANG_WARN_EMPTY_BODY = YES;
				CLANG_WARN_ENUM_CONVERSION = YES;
				CLANG_WARN_INFINITE_RECURSION = YES;
				CLANG_WARN_INT_CONVERSION = YES;
				CLANG_WARN_NON_LITERAL_NULL_CONVERSION = YES;
				CLANG_WARN_OBJC_IMPLICIT_RETAIN_SELF = YES;
				CLANG_WARN_OBJC_LITERAL_CONVERSION = YES;
				CLANG_WARN_OBJC_ROOT_CLASS = YES_ERROR;
				CLANG_WARN_QUOTED_INCLUDE_IN_FRAMEWORK_HEADER = YES;
				CLANG_WARN_RANGE_LOOP_ANALYSIS = YES;
				CLANG_WARN_STRICT_PROTOTYPES = YES;
				CLANG_WARN_SUSPICIOUS_MOVE = YES;
				CLANG_WARN_UNGUARDED_AVAILABILITY = YES_AGGRESSIVE;
				CLANG_WARN_UNREACHABLE_CODE = YES;
				CLANG_WARN__DUPLICATE_METHOD_MATCH = YES;
				COPY_PHASE_STRIP = NO;
				DEBUG_INFORMATION_FORMAT = "dwarf-with-dsym";
				ENABLE_NS_ASSERTIONS = NO;
				ENABLE_STRICT_OBJC_MSGSEND = YES;
				GCC_C_LANGUAGE_STANDARD = gnu11;
				GCC_NO_COMMON_BLOCKS = YES;
				GCC_WARN_64_TO_32_BIT_CONVERSION = YES;
				GCC_WARN_ABOUT_RETURN_TYPE = YES_ERROR;
				GCC_WARN_UNDECLARED_SELECTOR = YES;
				GCC_WARN_UNINITIALIZED_AUTOS = YES_AGGRESSIVE;
				GCC_WARN_UNUSED_FUNCTION = YES;
				GCC_WARN_UNUSED_VARIABLE = YES;
				IPHONEOS_DEPLOYMENT_TARGET = 15.1;
				MTL_ENABLE_DEBUG_INFO = NO;
				MTL_FAST_MATH = YES;
				SDKROOT = iphoneos;
				SWIFT_COMPILATION_MODE = wholemodule;
				SWIFT_OPTIMIZATION_LEVEL = "-O";
				VALIDATE_PRODUCT = YES;
			};
			name = Release;
		};
		4443FFDD2AC5851C0079510A /* Debug */ = {
			isa = XCBuildConfiguration;
			buildSettings = {
				ASSETCATALOG_COMPILER_APPICON_NAME = AppIcon;
				ASSETCATALOG_COMPILER_GLOBAL_ACCENT_COLOR_NAME = AccentColor;
				CODE_SIGN_STYLE = Automatic;
				CURRENT_PROJECT_VERSION = 1;
				DEVELOPMENT_TEAM = Q7D95C8V9R;
				GENERATE_INFOPLIST_FILE = YES;
				INFOPLIST_FILE = astWeatherApp/Info.plist;
				INFOPLIST_KEY_UIApplicationSupportsIndirectInputEvents = YES;
				INFOPLIST_KEY_UILaunchStoryboardName = LaunchScreen;
				INFOPLIST_KEY_UISupportedInterfaceOrientations_iPad = "UIInterfaceOrientationPortrait UIInterfaceOrientationPortraitUpsideDown UIInterfaceOrientationLandscapeLeft UIInterfaceOrientationLandscapeRight";
				INFOPLIST_KEY_UISupportedInterfaceOrientations_iPhone = "UIInterfaceOrientationPortrait UIInterfaceOrientationLandscapeLeft UIInterfaceOrientationLandscapeRight";
				LD_RUNPATH_SEARCH_PATHS = (
					"$(inherited)",
					"@executable_path/Frameworks",
				);
				MARKETING_VERSION = 1.0;
				PRODUCT_BUNDLE_IDENTIFIER = com.artem.gdegonka.astWeatherApp;
				PRODUCT_NAME = "$(TARGET_NAME)";
				SWIFT_EMIT_LOC_STRINGS = YES;
				SWIFT_VERSION = 5.0;
				TARGETED_DEVICE_FAMILY = "1,2";
			};
			name = Debug;
		};
		4443FFDE2AC5851C0079510A /* Release */ = {
			isa = XCBuildConfiguration;
			buildSettings = {
				ASSETCATALOG_COMPILER_APPICON_NAME = AppIcon;
				ASSETCATALOG_COMPILER_GLOBAL_ACCENT_COLOR_NAME = AccentColor;
				CODE_SIGN_STYLE = Automatic;
				CURRENT_PROJECT_VERSION = 1;
				DEVELOPMENT_TEAM = Q7D95C8V9R;
				GENERATE_INFOPLIST_FILE = YES;
				INFOPLIST_FILE = astWeatherApp/Info.plist;
				INFOPLIST_KEY_UIApplicationSupportsIndirectInputEvents = YES;
				INFOPLIST_KEY_UILaunchStoryboardName = LaunchScreen;
				INFOPLIST_KEY_UISupportedInterfaceOrientations_iPad = "UIInterfaceOrientationPortrait UIInterfaceOrientationPortraitUpsideDown UIInterfaceOrientationLandscapeLeft UIInterfaceOrientationLandscapeRight";
				INFOPLIST_KEY_UISupportedInterfaceOrientations_iPhone = "UIInterfaceOrientationPortrait UIInterfaceOrientationLandscapeLeft UIInterfaceOrientationLandscapeRight";
				LD_RUNPATH_SEARCH_PATHS = (
					"$(inherited)",
					"@executable_path/Frameworks",
				);
				MARKETING_VERSION = 1.0;
				PRODUCT_BUNDLE_IDENTIFIER = com.artem.gdegonka.astWeatherApp;
				PRODUCT_NAME = "$(TARGET_NAME)";
				SWIFT_EMIT_LOC_STRINGS = YES;
				SWIFT_VERSION = 5.0;
				TARGETED_DEVICE_FAMILY = "1,2";
			};
			name = Release;
		};
/* End XCBuildConfiguration section */

/* Begin XCConfigurationList section */
		4443FFC32AC5851B0079510A /* Build configuration list for PBXProject "astWeatherApp" */ = {
			isa = XCConfigurationList;
			buildConfigurations = (
				4443FFDA2AC5851C0079510A /* Debug */,
				4443FFDB2AC5851C0079510A /* Release */,
			);
			defaultConfigurationIsVisible = 0;
			defaultConfigurationName = Release;
		};
		4443FFDC2AC5851C0079510A /* Build configuration list for PBXNativeTarget "astWeatherApp" */ = {
			isa = XCConfigurationList;
			buildConfigurations = (
				4443FFDD2AC5851C0079510A /* Debug */,
				4443FFDE2AC5851C0079510A /* Release */,
			);
			defaultConfigurationIsVisible = 0;
			defaultConfigurationName = Release;
		};
/* End XCConfigurationList section */

/* Begin XCRemoteSwiftPackageReference section */
		4488AE0F2ADFDA9200912F66 /* XCRemoteSwiftPackageReference "SnapKit" */ = {
			isa = XCRemoteSwiftPackageReference;
			repositoryURL = "https://github.com/SnapKit/SnapKit.git";
			requirement = {
				kind = upToNextMajorVersion;
				minimumVersion = 5.6.0;
			};
		};
/* End XCRemoteSwiftPackageReference section */

/* Begin XCSwiftPackageProductDependency section */
		4488AE102ADFDA9200912F66 /* SnapKit */ = {
			isa = XCSwiftPackageProductDependency;
			package = 4488AE0F2ADFDA9200912F66 /* XCRemoteSwiftPackageReference "SnapKit" */;
			productName = SnapKit;
		};
		4488AE242ADFE0FA00912F66 /* SnapKit */ = {
			isa = XCSwiftPackageProductDependency;
			package = 4488AE0F2ADFDA9200912F66 /* XCRemoteSwiftPackageReference "SnapKit" */;
			productName = SnapKit;
		};
/* End XCSwiftPackageProductDependency section */
	};
	rootObject = 4443FFC02AC5851B0079510A /* Project object */;
}
